
Microsoft Visual Studio Solution File, Format Version 12.00
# Visual Studio Version 17
VisualStudioVersion = 17.13.35825.156 d17.13
MinimumVisualStudioVersion = 10.0.40219.1
Project("{FAE04EC0-301F-11D3-BF4B-00C04F79EFBC}") = "Food Court Management System", "Food Court Management System\Food Court Management System.csproj", "{035B50CA-703E-4CFD-B94C-5429E6DB432F}"
EndProject
Global
	GlobalSection(SolutionConfigurationPlatforms) = preSolution
		Debug|Any CPU = Debug|Any CPU
		Release|Any CPU = Release|Any CPU
	EndGlobalSection
	GlobalSection(ProjectConfigurationPlatforms) = postSolution
		{035B50CA-703E-4CFD-B94C-5429E6DB432F}.Debug|Any CPU.ActiveCfg = Debug|Any CPU
		{035B50CA-703E-4CFD-B94C-5429E6DB432F}.Debug|Any CPU.Build.0 = Debug|Any CPU
		{035B50CA-703E-4CFD-B94C-5429E6DB432F}.Release|Any CPU.ActiveCfg = Release|Any CPU
		{035B50CA-703E-4CFD-B94C-5429E6DB432F}.Release|Any CPU.Build.0 = Release|Any CPU
	EndGlobalSection
	GlobalSection(SolutionProperties) = preSolution
		HideSolutionNode = FALSE
	EndGlobalSection
	GlobalSection(ExtensibilityGlobals) = postSolution
		SolutionGuid = {52A615B0-6F6A-41C7-AD8F-E1E1CE7401F9}
	EndGlobalSection
EndGlobal
